
Microsoft Visual Studio Solution File, Format Version 12.00
# Visual Studio 15
VisualStudioVersion = 15.0.27428.2011
MinimumVisualStudioVersion = 10.0.40219.1
Project("{FAE04EC0-301F-11D3-BF4B-00C04F79EFBC}") = "Get_the_Middle_Character", "Get_the_Middle_Character\Get_the_Middle_Character.csproj", "{E05F5462-3301-467D-9148-3F165201CA4E}"
EndProject
Project("{FAE04EC0-301F-11D3-BF4B-00C04F79EFBC}") = "Get_the_Middle_Character_Test", "Get_the_Middle_Character_Test\Get_the_Middle_Character_Test.csproj", "{1ED95050-4D2D-4B65-94A1-EA986573CCC8}"
EndProject
Global
	GlobalSection(SolutionConfigurationPlatforms) = preSolution
		Debug|Any CPU = Debug|Any CPU
		Release|Any CPU = Release|Any CPU
	EndGlobalSection
	GlobalSection(ProjectConfigurationPlatforms) = postSolution
		{E05F5462-3301-467D-9148-3F165201CA4E}.Debug|Any CPU.ActiveCfg = Debug|Any CPU
		{E05F5462-3301-467D-9148-3F165201CA4E}.Debug|Any CPU.Build.0 = Debug|Any CPU
		{E05F5462-3301-467D-9148-3F165201CA4E}.Release|Any CPU.ActiveCfg = Release|Any CPU
		{E05F5462-3301-467D-9148-3F165201CA4E}.Release|Any CPU.Build.0 = Release|Any CPU
		{1ED95050-4D2D-4B65-94A1-EA986573CCC8}.Debug|Any CPU.ActiveCfg = Debug|Any CPU
		{1ED95050-4D2D-4B65-94A1-EA986573CCC8}.Debug|Any CPU.Build.0 = Debug|Any CPU
		{1ED95050-4D2D-4B65-94A1-EA986573CCC8}.Release|Any CPU.ActiveCfg = Release|Any CPU
		{1ED95050-4D2D-4B65-94A1-EA986573CCC8}.Release|Any CPU.Build.0 = Release|Any CPU
	EndGlobalSection
	GlobalSection(SolutionProperties) = preSolution
		HideSolutionNode = FALSE
	EndGlobalSection
	GlobalSection(ExtensibilityGlobals) = postSolution
		SolutionGuid = {F8095291-0A65-4C64-99B0-A48B5B22DE4D}
	EndGlobalSection
EndGlobal
