
Microsoft Visual Studio Solution File, Format Version 12.00
# Visual Studio 15
VisualStudioVersion = 15.0.27428.2011
MinimumVisualStudioVersion = 10.0.40219.1
Project("{FAE04EC0-301F-11D3-BF4B-00C04F79EFBC}") = "SortTheOdd", "SortTheOdd\SortTheOdd.csproj", "{D8B78663-3468-466B-9EF4-F17E15913FE4}"
EndProject
Project("{FAE04EC0-301F-11D3-BF4B-00C04F79EFBC}") = "SortTheOddTest", "SortTheOddTest\SortTheOddTest.csproj", "{A2139B4B-8C10-46C1-BD5B-F660B48AD35A}"
EndProject
Global
	GlobalSection(SolutionConfigurationPlatforms) = preSolution
		Debug|Any CPU = Debug|Any CPU
		Release|Any CPU = Release|Any CPU
	EndGlobalSection
	GlobalSection(ProjectConfigurationPlatforms) = postSolution
		{D8B78663-3468-466B-9EF4-F17E15913FE4}.Debug|Any CPU.ActiveCfg = Debug|Any CPU
		{D8B78663-3468-466B-9EF4-F17E15913FE4}.Debug|Any CPU.Build.0 = Debug|Any CPU
		{D8B78663-3468-466B-9EF4-F17E15913FE4}.Release|Any CPU.ActiveCfg = Release|Any CPU
		{D8B78663-3468-466B-9EF4-F17E15913FE4}.Release|Any CPU.Build.0 = Release|Any CPU
		{A2139B4B-8C10-46C1-BD5B-F660B48AD35A}.Debug|Any CPU.ActiveCfg = Debug|Any CPU
		{A2139B4B-8C10-46C1-BD5B-F660B48AD35A}.Debug|Any CPU.Build.0 = Debug|Any CPU
		{A2139B4B-8C10-46C1-BD5B-F660B48AD35A}.Release|Any CPU.ActiveCfg = Release|Any CPU
		{A2139B4B-8C10-46C1-BD5B-F660B48AD35A}.Release|Any CPU.Build.0 = Release|Any CPU
	EndGlobalSection
	GlobalSection(SolutionProperties) = preSolution
		HideSolutionNode = FALSE
	EndGlobalSection
	GlobalSection(ExtensibilityGlobals) = postSolution
		SolutionGuid = {305B395E-B2C2-401F-9A74-FB3C6A7F721A}
	EndGlobalSection
EndGlobal
