
Microsoft Visual Studio Solution File, Format Version 12.00
# Visual Studio 15
VisualStudioVersion = 15.0.27428.2011
MinimumVisualStudioVersion = 10.0.40219.1
Project("{FAE04EC0-301F-11D3-BF4B-00C04F79EFBC}") = "ReverseWords", "ReverseWords\ReverseWords.csproj", "{1666DEBB-0907-4F56-987C-11005AB4DF0A}"
EndProject
Project("{FAE04EC0-301F-11D3-BF4B-00C04F79EFBC}") = "ReverseWordsTest", "ReverseWordsTest\ReverseWordsTest.csproj", "{5BC4D867-E23D-48AC-81CD-6949E0A8C20C}"
EndProject
Global
	GlobalSection(SolutionConfigurationPlatforms) = preSolution
		Debug|Any CPU = Debug|Any CPU
		Release|Any CPU = Release|Any CPU
	EndGlobalSection
	GlobalSection(ProjectConfigurationPlatforms) = postSolution
		{1666DEBB-0907-4F56-987C-11005AB4DF0A}.Debug|Any CPU.ActiveCfg = Debug|Any CPU
		{1666DEBB-0907-4F56-987C-11005AB4DF0A}.Debug|Any CPU.Build.0 = Debug|Any CPU
		{1666DEBB-0907-4F56-987C-11005AB4DF0A}.Release|Any CPU.ActiveCfg = Release|Any CPU
		{1666DEBB-0907-4F56-987C-11005AB4DF0A}.Release|Any CPU.Build.0 = Release|Any CPU
		{5BC4D867-E23D-48AC-81CD-6949E0A8C20C}.Debug|Any CPU.ActiveCfg = Debug|Any CPU
		{5BC4D867-E23D-48AC-81CD-6949E0A8C20C}.Debug|Any CPU.Build.0 = Debug|Any CPU
		{5BC4D867-E23D-48AC-81CD-6949E0A8C20C}.Release|Any CPU.ActiveCfg = Release|Any CPU
		{5BC4D867-E23D-48AC-81CD-6949E0A8C20C}.Release|Any CPU.Build.0 = Release|Any CPU
	EndGlobalSection
	GlobalSection(SolutionProperties) = preSolution
		HideSolutionNode = FALSE
	EndGlobalSection
	GlobalSection(ExtensibilityGlobals) = postSolution
		SolutionGuid = {57651598-8FEB-4BBF-A993-D278FF439C02}
	EndGlobalSection
EndGlobal
